
Microsoft Visual Studio Solution File, Format Version 12.00
# Visual Studio 15
VisualStudioVersion = 15.0.27703.2018
MinimumVisualStudioVersion = 10.0.40219.1
Project("{9A19103F-16F7-4668-BE54-9A1E7A4F7556}") = "CPL", "CPL\CPL.csproj", "{E245BB6F-8CBA-423C-A755-85B8DAA0D8B2}"
EndProject
Project("{9A19103F-16F7-4668-BE54-9A1E7A4F7556}") = "CPL.Core", "CPL.Core\CPL.Core.csproj", "{7DE96C77-062F-4C57-8133-57EA90BCA49D}"
EndProject
Project("{9A19103F-16F7-4668-BE54-9A1E7A4F7556}") = "CPL.Domain", "CPL.Domain\CPL.Domain.csproj", "{B923F0FF-BE85-4A4E-A520-12A2235D81CC}"
EndProject
Project("{9A19103F-16F7-4668-BE54-9A1E7A4F7556}") = "CPL.Infrastructure", "CPL.Infrastructure\CPL.Infrastructure.csproj", "{9B5E4EC1-0422-4C16-A45A-7E76E1055A04}"
EndProject
Project("{9A19103F-16F7-4668-BE54-9A1E7A4F7556}") = "CPL.Mapping", "CPL.Mapping\CPL.Mapping.csproj", "{5ADCD4E5-C24B-4705-B2CC-35530B0C62F5}"
EndProject
Project("{FAE04EC0-301F-11D3-BF4B-00C04F79EFBC}") = "CPL.WCF", "CPL.WCF\CPL.WCF.csproj", "{1D8B0D0A-7823-4B44-A7C4-1A019D52A75A}"
EndProject
Project("{FAE04EC0-301F-11D3-BF4B-00C04F79EFBC}") = "CPL.Common", "CPL.Common\CPL.Common.csproj", "{B75C6920-3D04-4E92-B2AB-4CE5A42B718D}"
EndProject
Project("{9A19103F-16F7-4668-BE54-9A1E7A4F7556}") = "CPL.PredictionGameService", "CPL.PredictionGameService\CPL.PredictionGameService.csproj", "{2A97FEBA-6285-41D7-9197-7D003C1336CF}"
EndProject
Project("{9A19103F-16F7-4668-BE54-9A1E7A4F7556}") = "CPL.SmartContractService", "CPL.SmartContractService\CPL.SmartContractService.csproj", "{CDD78F51-6A2D-498B-B357-7B8CDE928781}"
EndProject
Project("{9A19103F-16F7-4668-BE54-9A1E7A4F7556}") = "CPL.TransactionService", "CPL.TransactionService\CPL.TransactionService.csproj", "{97EA8125-EB2E-4907-AD5C-A90FFCCE6B6D}"
EndProject
Project("{FAE04EC0-301F-11D3-BF4B-00C04F79EFBC}") = "CPL.UI", "CPL.UI\CPL.UI.csproj", "{3061EB00-5560-4654-81C9-75C15273AF1A}"
EndProject
Global
	GlobalSection(SolutionConfigurationPlatforms) = preSolution
		Debug|Any CPU = Debug|Any CPU
		Release|Any CPU = Release|Any CPU
	EndGlobalSection
	GlobalSection(ProjectConfigurationPlatforms) = postSolution
		{E245BB6F-8CBA-423C-A755-85B8DAA0D8B2}.Debug|Any CPU.ActiveCfg = Debug|Any CPU
		{E245BB6F-8CBA-423C-A755-85B8DAA0D8B2}.Debug|Any CPU.Build.0 = Debug|Any CPU
		{E245BB6F-8CBA-423C-A755-85B8DAA0D8B2}.Release|Any CPU.ActiveCfg = Release|Any CPU
		{E245BB6F-8CBA-423C-A755-85B8DAA0D8B2}.Release|Any CPU.Build.0 = Release|Any CPU
		{7DE96C77-062F-4C57-8133-57EA90BCA49D}.Debug|Any CPU.ActiveCfg = Debug|Any CPU
		{7DE96C77-062F-4C57-8133-57EA90BCA49D}.Debug|Any CPU.Build.0 = Debug|Any CPU
		{7DE96C77-062F-4C57-8133-57EA90BCA49D}.Release|Any CPU.ActiveCfg = Release|Any CPU
		{7DE96C77-062F-4C57-8133-57EA90BCA49D}.Release|Any CPU.Build.0 = Release|Any CPU
		{B923F0FF-BE85-4A4E-A520-12A2235D81CC}.Debug|Any CPU.ActiveCfg = Debug|Any CPU
		{B923F0FF-BE85-4A4E-A520-12A2235D81CC}.Debug|Any CPU.Build.0 = Debug|Any CPU
		{B923F0FF-BE85-4A4E-A520-12A2235D81CC}.Release|Any CPU.ActiveCfg = Release|Any CPU
		{B923F0FF-BE85-4A4E-A520-12A2235D81CC}.Release|Any CPU.Build.0 = Release|Any CPU
		{9B5E4EC1-0422-4C16-A45A-7E76E1055A04}.Debug|Any CPU.ActiveCfg = Debug|Any CPU
		{9B5E4EC1-0422-4C16-A45A-7E76E1055A04}.Debug|Any CPU.Build.0 = Debug|Any CPU
		{9B5E4EC1-0422-4C16-A45A-7E76E1055A04}.Release|Any CPU.ActiveCfg = Release|Any CPU
		{9B5E4EC1-0422-4C16-A45A-7E76E1055A04}.Release|Any CPU.Build.0 = Release|Any CPU
		{5ADCD4E5-C24B-4705-B2CC-35530B0C62F5}.Debug|Any CPU.ActiveCfg = Debug|Any CPU
		{5ADCD4E5-C24B-4705-B2CC-35530B0C62F5}.Debug|Any CPU.Build.0 = Debug|Any CPU
		{5ADCD4E5-C24B-4705-B2CC-35530B0C62F5}.Release|Any CPU.ActiveCfg = Release|Any CPU
		{5ADCD4E5-C24B-4705-B2CC-35530B0C62F5}.Release|Any CPU.Build.0 = Release|Any CPU
		{1D8B0D0A-7823-4B44-A7C4-1A019D52A75A}.Debug|Any CPU.ActiveCfg = Debug|Any CPU
		{1D8B0D0A-7823-4B44-A7C4-1A019D52A75A}.Debug|Any CPU.Build.0 = Debug|Any CPU
		{1D8B0D0A-7823-4B44-A7C4-1A019D52A75A}.Release|Any CPU.ActiveCfg = Release|Any CPU
		{1D8B0D0A-7823-4B44-A7C4-1A019D52A75A}.Release|Any CPU.Build.0 = Release|Any CPU
		{B75C6920-3D04-4E92-B2AB-4CE5A42B718D}.Debug|Any CPU.ActiveCfg = Debug|Any CPU
		{B75C6920-3D04-4E92-B2AB-4CE5A42B718D}.Debug|Any CPU.Build.0 = Debug|Any CPU
		{B75C6920-3D04-4E92-B2AB-4CE5A42B718D}.Release|Any CPU.ActiveCfg = Release|Any CPU
		{B75C6920-3D04-4E92-B2AB-4CE5A42B718D}.Release|Any CPU.Build.0 = Release|Any CPU
		{2A97FEBA-6285-41D7-9197-7D003C1336CF}.Debug|Any CPU.ActiveCfg = Debug|Any CPU
		{2A97FEBA-6285-41D7-9197-7D003C1336CF}.Debug|Any CPU.Build.0 = Debug|Any CPU
		{2A97FEBA-6285-41D7-9197-7D003C1336CF}.Release|Any CPU.ActiveCfg = Release|Any CPU
		{2A97FEBA-6285-41D7-9197-7D003C1336CF}.Release|Any CPU.Build.0 = Release|Any CPU
		{CDD78F51-6A2D-498B-B357-7B8CDE928781}.Debug|Any CPU.ActiveCfg = Debug|Any CPU
		{CDD78F51-6A2D-498B-B357-7B8CDE928781}.Debug|Any CPU.Build.0 = Debug|Any CPU
		{CDD78F51-6A2D-498B-B357-7B8CDE928781}.Release|Any CPU.ActiveCfg = Release|Any CPU
		{CDD78F51-6A2D-498B-B357-7B8CDE928781}.Release|Any CPU.Build.0 = Release|Any CPU
		{97EA8125-EB2E-4907-AD5C-A90FFCCE6B6D}.Debug|Any CPU.ActiveCfg = Debug|Any CPU
		{97EA8125-EB2E-4907-AD5C-A90FFCCE6B6D}.Debug|Any CPU.Build.0 = Debug|Any CPU
		{97EA8125-EB2E-4907-AD5C-A90FFCCE6B6D}.Release|Any CPU.ActiveCfg = Release|Any CPU
		{97EA8125-EB2E-4907-AD5C-A90FFCCE6B6D}.Release|Any CPU.Build.0 = Release|Any CPU
		{3061EB00-5560-4654-81C9-75C15273AF1A}.Debug|Any CPU.ActiveCfg = Debug|Any CPU
		{3061EB00-5560-4654-81C9-75C15273AF1A}.Debug|Any CPU.Build.0 = Debug|Any CPU
		{3061EB00-5560-4654-81C9-75C15273AF1A}.Release|Any CPU.ActiveCfg = Release|Any CPU
		{3061EB00-5560-4654-81C9-75C15273AF1A}.Release|Any CPU.Build.0 = Release|Any CPU
	EndGlobalSection
	GlobalSection(SolutionProperties) = preSolution
		HideSolutionNode = FALSE
	EndGlobalSection
	GlobalSection(ExtensibilityGlobals) = postSolution
		SolutionGuid = {0059C43C-A57E-4CC8-A41B-0EADBED88A6D}
	EndGlobalSection
EndGlobal
